
Microsoft Visual Studio Solution File, Format Version 12.00
# Visual Studio Version 17
VisualStudioVersion = 17.13.35931.197 d17.13
MinimumVisualStudioVersion = 10.0.40219.1
Project("{FAE04EC0-301F-11D3-BF4B-00C04F79EFBC}") = "LegalAssistant.Web", "LegalAssistant.Web\LegalAssistant.Web.csproj", "{4371CB7B-2E62-4FFA-B105-9F9C1969B2CA}"
EndProject
Global
	GlobalSection(SolutionConfigurationPlatforms) = preSolution
		Debug|Any CPU = Debug|Any CPU
		Release|Any CPU = Release|Any CPU
	EndGlobalSection
	GlobalSection(ProjectConfigurationPlatforms) = postSolution
		{4371CB7B-2E62-4FFA-B105-9F9C1969B2CA}.Debug|Any CPU.ActiveCfg = Debug|Any CPU
		{4371CB7B-2E62-4FFA-B105-9F9C1969B2CA}.Debug|Any CPU.Build.0 = Debug|Any CPU
		{4371CB7B-2E62-4FFA-B105-9F9C1969B2CA}.Release|Any CPU.ActiveCfg = Release|Any CPU
		{4371CB7B-2E62-4FFA-B105-9F9C1969B2CA}.Release|Any CPU.Build.0 = Release|Any CPU
	EndGlobalSection
	GlobalSection(SolutionProperties) = preSolution
		HideSolutionNode = FALSE
	EndGlobalSection
	GlobalSection(ExtensibilityGlobals) = postSolution
		SolutionGuid = {F362B2F0-3127-41A3-82FA-0CAC3C743237}
	EndGlobalSection
EndGlobal
